# This file is automatically generated.
# It is not intended for manual editing.
version = 1

[[packages]]
name = "wasi:http"
registry = "wasi.dev"

[[packages.versions]]
requirement = "=0.3.0-rc-2026-01-06"
version = "0.3.0-rc-2026-01-06"
digest = "sha256:7ad86c4dea99c4cd63790483f26903ac7538f7d8be4d3f4e6fb4ef10123dbdeb"
